
Microsoft Visual Studio Solution File, Format Version 12.00
# Visual Studio Version 17
VisualStudioVersion = 17.6.33723.286
MinimumVisualStudioVersion = 10.0.40219.1
Project("{9A19103F-16F7-4668-BE54-9A1E7A4F7556}") = "DeviceManagment.Server", "Server\DeviceManagment.Server.csproj", "{42103832-6EBF-4C32-A038-71F25497FB3F}"
EndProject
Project("{9A19103F-16F7-4668-BE54-9A1E7A4F7556}") = "DeviceManagment.Client", "Client\DeviceManagment.Client.csproj", "{50902A3F-50FD-43ED-842F-22DD032795B7}"
EndProject
Project("{9A19103F-16F7-4668-BE54-9A1E7A4F7556}") = "DeviceManagment.Shared", "Shared\DeviceManagment.Shared.csproj", "{8C59DEA4-D0FA-437C-8662-E81A669E5E85}"
EndProject
Global
	GlobalSection(SolutionConfigurationPlatforms) = preSolution
		Debug|Any CPU = Debug|Any CPU
		Release|Any CPU = Release|Any CPU
	EndGlobalSection
	GlobalSection(ProjectConfigurationPlatforms) = postSolution
		{42103832-6EBF-4C32-A038-71F25497FB3F}.Debug|Any CPU.ActiveCfg = Debug|Any CPU
		{42103832-6EBF-4C32-A038-71F25497FB3F}.Debug|Any CPU.Build.0 = Debug|Any CPU
		{42103832-6EBF-4C32-A038-71F25497FB3F}.Release|Any CPU.ActiveCfg = Release|Any CPU
		{42103832-6EBF-4C32-A038-71F25497FB3F}.Release|Any CPU.Build.0 = Release|Any CPU
		{50902A3F-50FD-43ED-842F-22DD032795B7}.Debug|Any CPU.ActiveCfg = Debug|Any CPU
		{50902A3F-50FD-43ED-842F-22DD032795B7}.Debug|Any CPU.Build.0 = Debug|Any CPU
		{50902A3F-50FD-43ED-842F-22DD032795B7}.Release|Any CPU.ActiveCfg = Release|Any CPU
		{50902A3F-50FD-43ED-842F-22DD032795B7}.Release|Any CPU.Build.0 = Release|Any CPU
		{8C59DEA4-D0FA-437C-8662-E81A669E5E85}.Debug|Any CPU.ActiveCfg = Debug|Any CPU
		{8C59DEA4-D0FA-437C-8662-E81A669E5E85}.Debug|Any CPU.Build.0 = Debug|Any CPU
		{8C59DEA4-D0FA-437C-8662-E81A669E5E85}.Release|Any CPU.ActiveCfg = Release|Any CPU
		{8C59DEA4-D0FA-437C-8662-E81A669E5E85}.Release|Any CPU.Build.0 = Release|Any CPU
	EndGlobalSection
	GlobalSection(SolutionProperties) = preSolution
		HideSolutionNode = FALSE
	EndGlobalSection
	GlobalSection(ExtensibilityGlobals) = postSolution
		SolutionGuid = {EE95DB76-B476-433A-93FB-B5BDCEC9063A}
	EndGlobalSection
EndGlobal
